// !$*UTF8*$!
{
	archiveVersion = 1;
	classes = {
	};
	objectVersion = 56;
	objects = {

/* Begin PBXBuildFile section */
		82A54C4C2C9B0832004BAA29 /* Google_repo_cloneApp.swift in Sources */ = {isa = PBXBuildFile; fileRef = 82A54C4B2C9B0832004BAA29 /* Google_repo_cloneApp.swift */; };
		82A54C4E2C9B0832004BAA29 /* ContentView.swift in Sources */ = {isa = PBXBuildFile; fileRef = 82A54C4D2C9B0832004BAA29 /* ContentView.swift */; };
		82A54C502C9B0833004BAA29 /* Assets.xcassets in Resources */ = {isa = PBXBuildFile; fileRef = 82A54C4F2C9B0833004BAA29 /* Assets.xcassets */; };
		82A54C532C9B0833004BAA29 /* Preview Assets.xcassets in Resources */ = {isa = PBXBuildFile; fileRef = 82A54C522C9B0833004BAA29 /* Preview Assets.xcassets */; };
		82A54C5D2C9B0833004BAA29 /* Google_repo_cloneTests.swift in Sources */ = {isa = PBXBuildFile; fileRef = 82A54C5C2C9B0833004BAA29 /* Google_repo_cloneTests.swift */; };
		82A54C672C9B0833004BAA29 /* Google_repo_cloneUITests.swift in Sources */ = {isa = PBXBuildFile; fileRef = 82A54C662C9B0833004BAA29 /* Google_repo_cloneUITests.swift */; };
		82A54C692C9B0833004BAA29 /* Google_repo_cloneUITestsLaunchTests.swift in Sources */ = {isa = PBXBuildFile; fileRef = 82A54C682C9B0833004BAA29 /* Google_repo_cloneUITestsLaunchTests.swift */; };
/* End PBXBuildFile section */

/* Begin PBXContainerItemProxy section */
		82A54C592C9B0833004BAA29 /* PBXContainerItemProxy */ = {
			isa = PBXContainerItemProxy;
			containerPortal = 82A54C402C9B0832004BAA29 /* Project object */;
			proxyType = 1;
			remoteGlobalIDString = 82A54C472C9B0832004BAA29;
			remoteInfo = "Google repo clone";
		};
		82A54C632C9B0833004BAA29 /* PBXContainerItemProxy */ = {
			isa = PBXContainerItemProxy;
			containerPortal = 82A54C402C9B0832004BAA29 /* Project object */;
			proxyType = 1;
			remoteGlobalIDString = 82A54C472C9B0832004BAA29;
			remoteInfo = "Google repo clone";
		};
/* End PBXContainerItemProxy section */

/* Begin PBXFileReference section */
		82A54C482C9B0832004BAA29 /* Google repo clone.app */ = {isa = PBXFileReference; explicitFileType = wrapper.application; includeInIndex = 0; path = "Google repo clone.app"; sourceTree = BUILT_PRODUCTS_DIR; };
		82A54C4B2C9B0832004BAA29 /* Google_repo_cloneApp.swift */ = {isa = PBXFileReference; lastKnownFileType = sourcecode.swift; path = Google_repo_cloneApp.swift; sourceTree = "<group>"; };
		82A54C4D2C9B0832004BAA29 /* ContentView.swift */ = {isa = PBXFileReference; lastKnownFileType = sourcecode.swift; path = ContentView.swift; sourceTree = "<group>"; };
		82A54C4F2C9B0833004BAA29 /* Assets.xcassets */ = {isa = PBXFileReference; lastKnownFileType = folder.assetcatalog; path = Assets.xcassets; sourceTree = "<group>"; };
		82A54C522C9B0833004BAA29 /* Preview Assets.xcassets */ = {isa = PBXFileReference; lastKnownFileType = folder.assetcatalog; path = "Preview Assets.xcassets"; sourceTree = "<group>"; };
		82A54C582C9B0833004BAA29 /* Google repo cloneTests.xctest */ = {isa = PBXFileReference; explicitFileType = wrapper.cfbundle; includeInIndex = 0; path = "Google repo cloneTests.xctest"; sourceTree = BUILT_PRODUCTS_DIR; };
		82A54C5C2C9B0833004BAA29 /* Google_repo_cloneTests.swift */ = {isa = PBXFileReference; lastKnownFileType = sourcecode.swift; path = Google_repo_cloneTests.swift; sourceTree = "<group>"; };
		82A54C622C9B0833004BAA29 /* Google repo cloneUITests.xctest */ = {isa = PBXFileReference; explicitFileType = wrapper.cfbundle; includeInIndex = 0; path = "Google repo cloneUITests.xctest"; sourceTree = BUILT_PRODUCTS_DIR; };
		82A54C662C9B0833004BAA29 /* Google_repo_cloneUITests.swift */ = {isa = PBXFileReference; lastKnownFileType = sourcecode.swift; path = Google_repo_cloneUITests.swift; sourceTree = "<group>"; };
		82A54C682C9B0833004BAA29 /* Google_repo_cloneUITestsLaunchTests.swift */ = {isa = PBXFileReference; lastKnownFileType = sourcecode.swift; path = Google_repo_cloneUITestsLaunchTests.swift; sourceTree = "<group>"; };
/* End PBXFileReference section */

/* Begin PBXFrameworksBuildPhase section */
		82A54C452C9B0832004BAA29 /* Frameworks */ = {
			isa = PBXFrameworksBuildPhase;
			buildActionMask = 2147483647;
			files = (
			);
			runOnlyForDeploymentPostprocessing = 0;
		};
		82A54C552C9B0833004BAA29 /* Frameworks */ = {
			isa = PBXFrameworksBuildPhase;
			buildActionMask = 2147483647;
			files = (
			);
			runOnlyForDeploymentPostprocessing = 0;
		};
		82A54C5F2C9B0833004BAA29 /* Frameworks */ = {
			isa = PBXFrameworksBuildPhase;
			buildActionMask = 2147483647;
			files = (
			);
			runOnlyForDeploymentPostprocessing = 0;
		};
/* End PBXFrameworksBuildPhase section */

/* Begin PBXGroup section */
		82A54C3F2C9B0832004BAA29 = {
			isa = PBXGroup;
			children = (
				82A54C4A2C9B0832004BAA29 /* Google repo clone */,
				82A54C5B2C9B0833004BAA29 /* Google repo cloneTests */,
				82A54C652C9B0833004BAA29 /* Google repo cloneUITests */,
				82A54C492C9B0832004BAA29 /* Products */,
			);
			sourceTree = "<group>";
		};
		82A54C492C9B0832004BAA29 /* Products */ = {
			isa = PBXGroup;
			children = (
				82A54C482C9B0832004BAA29 /* Google repo clone.app */,
				82A54C582C9B0833004BAA29 /* Google repo cloneTests.xctest */,
				82A54C622C9B0833004BAA29 /* Google repo cloneUITests.xctest */,
			);
			name = Products;
			sourceTree = "<group>";
		};
		82A54C4A2C9B0832004BAA29 /* Google repo clone */ = {
			isa = PBXGroup;
			children = (
				82A54C4B2C9B0832004BAA29 /* Google_repo_cloneApp.swift */,
				82A54C4D2C9B0832004BAA29 /* ContentView.swift */,
				82A54C4F2C9B0833004BAA29 /* Assets.xcassets */,
				82A54C512C9B0833004BAA29 /* Preview Content */,
			);
			path = "Google repo clone";
			sourceTree = "<group>";
		};
		82A54C512C9B0833004BAA29 /* Preview Content */ = {
			isa = PBXGroup;
			children = (
				82A54C522C9B0833004BAA29 /* Preview Assets.xcassets */,
			);
			path = "Preview Content";
			sourceTree = "<group>";
		};
		82A54C5B2C9B0833004BAA29 /* Google repo cloneTests */ = {
			isa = PBXGroup;
			children = (
				82A54C5C2C9B0833004BAA29 /* Google_repo_cloneTests.swift */,
			);
			path = "Google repo cloneTests";
			sourceTree = "<group>";
		};
		82A54C652C9B0833004BAA29 /* Google repo cloneUITests */ = {
			isa = PBXGroup;
			children = (
				82A54C662C9B0833004BAA29 /* Google_repo_cloneUITests.swift */,
				82A54C682C9B0833004BAA29 /* Google_repo_cloneUITestsLaunchTests.swift */,
			);
			path = "Google repo cloneUITests";
			sourceTree = "<group>";
		};
/* End PBXGroup section */

/* Begin PBXNativeTarget section */
		82A54C472C9B0832004BAA29 /* Google repo clone */ = {
			isa = PBXNativeTarget;
			buildConfigurationList = 82A54C6C2C9B0833004BAA29 /* Build configuration list for PBXNativeTarget "Google repo clone" */;
			buildPhases = (
				82A54C442C9B0832004BAA29 /* Sources */,
				82A54C452C9B0832004BAA29 /* Frameworks */,
				82A54C462C9B0832004BAA29 /* Resources */,
			);
			buildRules = (
			);
			dependencies = (
			);
			name = "Google repo clone";
			productName = "Google repo clone";
			productReference = 82A54C482C9B0832004BAA29 /* Google repo clone.app */;
			productType = "com.apple.product-type.application";
		};
		82A54C572C9B0833004BAA29 /* Google repo cloneTests */ = {
			isa = PBXNativeTarget;
			buildConfigurationList = 82A54C6F2C9B0833004BAA29 /* Build configuration list for PBXNativeTarget "Google repo cloneTests" */;
			buildPhases = (
				82A54C542C9B0833004BAA29 /* Sources */,
				82A54C552C9B0833004BAA29 /* Frameworks */,
				82A54C562C9B0833004BAA29 /* Resources */,
			);
			buildRules = (
			);
			dependencies = (
				82A54C5A2C9B0833004BAA29 /* PBXTargetDependency */,
			);
			name = "Google repo cloneTests";
			productName = "Google repo cloneTests";
			productReference = 82A54C582C9B0833004BAA29 /* Google repo cloneTests.xctest */;
			productType = "com.apple.product-type.bundle.unit-test";
		};
		82A54C612C9B0833004BAA29 /* Google repo cloneUITests */ = {
			isa = PBXNativeTarget;
			buildConfigurationList = 82A54C722C9B0833004BAA29 /* Build configuration list for PBXNativeTarget "Google repo cloneUITests" */;
			buildPhases = (
				82A54C5E2C9B0833004BAA29 /* Sources */,
				82A54C5F2C9B0833004BAA29 /* Frameworks */,
				82A54C602C9B0833004BAA29 /* Resources */,
			);
			buildRules = (
			);
			dependencies = (
				82A54C642C9B0833004BAA29 /* PBXTargetDependency */,
			);
			name = "Google repo cloneUITests";
			productName = "Google repo cloneUITests";
			productReference = 82A54C622C9B0833004BAA29 /* Google repo cloneUITests.xctest */;
			productType = "com.apple.product-type.bundle.ui-testing";
		};
/* End PBXNativeTarget section */

/* Begin PBXProject section */
		82A54C402C9B0832004BAA29 /* Project object */ = {
			isa = PBXProject;
			attributes = {
				BuildIndependentTargetsInParallel = 1;
				LastSwiftUpdateCheck = 1540;
				LastUpgradeCheck = 1540;
				TargetAttributes = {
					82A54C472C9B0832004BAA29 = {
						CreatedOnToolsVersion = 15.4;
					};
					82A54C572C9B0833004BAA29 = {
						CreatedOnToolsVersion = 15.4;
						TestTargetID = 82A54C472C9B0832004BAA29;
					};
					82A54C612C9B0833004BAA29 = {
						CreatedOnToolsVersion = 15.4;
						TestTargetID = 82A54C472C9B0832004BAA29;
					};
				};
			};
			buildConfigurationList = 82A54C432C9B0832004BAA29 /* Build configuration list for PBXProject "Google repo clone" */;
			compatibilityVersion = "Xcode 14.0";
			developmentRegion = en;
			hasScannedForEncodings = 0;
			knownRegions = (
				en,
				Base,
			);
			mainGroup = 82A54C3F2C9B0832004BAA29;
			productRefGroup = 82A54C492C9B0832004BAA29 /* Products */;
			projectDirPath = "";
			projectRoot = "";
			targets = (
				82A54C472C9B0832004BAA29 /* Google repo clone */,
				82A54C572C9B0833004BAA29 /* Google repo cloneTests */,
				82A54C612C9B0833004BAA29 /* Google repo cloneUITests */,
			);
		};
/* End PBXProject section */

/* Begin PBXResourcesBuildPhase section */
		82A54C462C9B0832004BAA29 /* Resources */ = {
			isa = PBXResourcesBuildPhase;
			buildActionMask = 2147483647;
			files = (
				82A54C532C9B0833004BAA29 /* Preview Assets.xcassets in Resources */,
				82A54C502C9B0833004BAA29 /* Assets.xcassets in Resources */,
			);
			runOnlyForDeploymentPostprocessing = 0;
		};
		82A54C562C9B0833004BAA29 /* Resources */ = {
			isa = PBXResourcesBuildPhase;
			buildActionMask = 2147483647;
			files = (
			);
			runOnlyForDeploymentPostprocessing = 0;
		};
		82A54C602C9B0833004BAA29 /* Resources */ = {
			isa = PBXResourcesBuildPhase;
			buildActionMask = 2147483647;
			files = (
			);
			runOnlyForDeploymentPostprocessing = 0;
		};
/* End PBXResourcesBuildPhase section */

/* Begin PBXSourcesBuildPhase section */
		82A54C442C9B0832004BAA29 /* Sources */ = {
			isa = PBXSourcesBuildPhase;
			buildActionMask = 2147483647;
			files = (
				82A54C4E2C9B0832004BAA29 /* ContentView.swift in Sources */,
				82A54C4C2C9B0832004BAA29 /* Google_repo_cloneApp.swift in Sources */,
			);
			runOnlyForDeploymentPostprocessing = 0;
		};
		82A54C542C9B0833004BAA29 /* Sources */ = {
			isa = PBXSourcesBuildPhase;
			buildActionMask = 2147483647;
			files = (
				82A54C5D2C9B0833004BAA29 /* Google_repo_cloneTests.swift in Sources */,
			);
			runOnlyForDeploymentPostprocessing = 0;
		};
		82A54C5E2C9B0833004BAA29 /* Sources */ = {
			isa = PBXSourcesBuildPhase;
			buildActionMask = 2147483647;
			files = (
				82A54C672C9B0833004BAA29 /* Google_repo_cloneUITests.swift in Sources */,
				82A54C692C9B0833004BAA29 /* Google_repo_cloneUITestsLaunchTests.swift in Sources */,
			);
			runOnlyForDeploymentPostprocessing = 0;
		};
/* End PBXSourcesBuildPhase section */

/* Begin PBXTargetDependency section */
		82A54C5A2C9B0833004BAA29 /* PBXTargetDependency */ = {
			isa = PBXTargetDependency;
			target = 82A54C472C9B0832004BAA29 /* Google repo clone */;
			targetProxy = 82A54C592C9B0833004BAA29 /* PBXContainerItemProxy */;
		};
		82A54C642C9B0833004BAA29 /* PBXTargetDependency */ = {
			isa = PBXTargetDependency;
			target = 82A54C472C9B0832004BAA29 /* Google repo clone */;
			targetProxy = 82A54C632C9B0833004BAA29 /* PBXContainerItemProxy */;
		};
/* End PBXTargetDependency section */

/* Begin XCBuildConfiguration section */
		82A54C6A2C9B0833004BAA29 /* Debug */ = {
			isa = XCBuildConfiguration;
			buildSettings = {
				ALWAYS_SEARCH_USER_PATHS = NO;
				ASSETCATALOG_COMPILER_GENERATE_SWIFT_ASSET_SYMBOL_EXTENSIONS = YES;
				CLANG_ANALYZER_NONNULL = YES;
				CLANG_ANALYZER_NUMBER_OBJECT_CONVERSION = YES_AGGRESSIVE;
				CLANG_CXX_LANGUAGE_STANDARD = "gnu++20";
				CLANG_ENABLE_MODULES = YES;
				CLANG_ENABLE_OBJC_ARC = YES;
				CLANG_ENABLE_OBJC_WEAK = YES;
				CLANG_WARN_BLOCK_CAPTURE_AUTORELEASING = YES;
				CLANG_WARN_BOOL_CONVERSION = YES;
				CLANG_WARN_COMMA = YES;
				CLANG_WARN_CONSTANT_CONVERSION = YES;
				CLANG_WARN_DEPRECATED_OBJC_IMPLEMENTATIONS = YES;
				CLANG_WARN_DIRECT_OBJC_ISA_USAGE = YES_ERROR;
				CLANG_WARN_DOCUMENTATION_COMMENTS = YES;
				CLANG_WARN_EMPTY_BODY = YES;
				CLANG_WARN_ENUM_CONVERSION = YES;
				CLANG_WARN_INFINITE_RECURSION = YES;
				CLANG_WARN_INT_CONVERSION = YES;
				CLANG_WARN_NON_LITERAL_NULL_CONVERSION = YES;
				CLANG_WARN_OBJC_IMPLICIT_RETAIN_SELF = YES;
				CLANG_WARN_OBJC_LITERAL_CONVERSION = YES;
				CLANG_WARN_OBJC_ROOT_CLASS = YES_ERROR;
				CLANG_WARN_QUOTED_INCLUDE_IN_FRAMEWORK_HEADER = YES;
				CLANG_WARN_RANGE_LOOP_ANALYSIS = YES;
				CLANG_WARN_STRICT_PROTOTYPES = YES;
				CLANG_WARN_SUSPICIOUS_MOVE = YES;
				CLANG_WARN_UNGUARDED_AVAILABILITY = YES_AGGRESSIVE;
				CLANG_WARN_UNREACHABLE_CODE = YES;
				CLANG_WARN__DUPLICATE_METHOD_MATCH = YES;
				COPY_PHASE_STRIP = NO;
				DEBUG_INFORMATION_FORMAT = dwarf;
				ENABLE_STRICT_OBJC_MSGSEND = YES;
				ENABLE_TESTABILITY = YES;
				ENABLE_USER_SCRIPT_SANDBOXING = YES;
				GCC_C_LANGUAGE_STANDARD = gnu17;
				GCC_DYNAMIC_NO_PIC = NO;
				GCC_NO_COMMON_BLOCKS = YES;
				GCC_OPTIMIZATION_LEVEL = 0;
				GCC_PREPROCESSOR_DEFINITIONS = (
					"DEBUG=1",
					"$(inherited)",
				);
				GCC_WARN_64_TO_32_BIT_CONVERSION = YES;
				GCC_WARN_ABOUT_RETURN_TYPE = YES_ERROR;
				GCC_WARN_UNDECLARED_SELECTOR = YES;
				GCC_WARN_UNINITIALIZED_AUTOS = YES_AGGRESSIVE;
				GCC_WARN_UNUSED_FUNCTION = YES;
				GCC_WARN_UNUSED_VARIABLE = YES;
				IPHONEOS_DEPLOYMENT_TARGET = 17.5;
				LOCALIZATION_PREFERS_STRING_CATALOGS = YES;
				MTL_ENABLE_DEBUG_INFO = INCLUDE_SOURCE;
				MTL_FAST_MATH = YES;
				ONLY_ACTIVE_ARCH = YES;
				SDKROOT = iphoneos;
				SWIFT_ACTIVE_COMPILATION_CONDITIONS = "DEBUG $(inherited)";
				SWIFT_OPTIMIZATION_LEVEL = "-Onone";
			};
			name = Debug;
		};
		82A54C6B2C9B0833004BAA29 /* Release */ = {
			isa = XCBuildConfiguration;
			buildSettings = {
				ALWAYS_SEARCH_USER_PATHS = NO;
				ASSETCATALOG_COMPILER_GENERATE_SWIFT_ASSET_SYMBOL_EXTENSIONS = YES;
				CLANG_ANALYZER_NONNULL = YES;
				CLANG_ANALYZER_NUMBER_OBJECT_CONVERSION = YES_AGGRESSIVE;
				CLANG_CXX_LANGUAGE_STANDARD = "gnu++20";
				CLANG_ENABLE_MODULES = YES;
				CLANG_ENABLE_OBJC_ARC = YES;
				CLANG_ENABLE_OBJC_WEAK = YES;
				CLANG_WARN_BLOCK_CAPTURE_AUTORELEASING = YES;
				CLANG_WARN_BOOL_CONVERSION = YES;
				CLANG_WARN_COMMA = YES;
				CLANG_WARN_CONSTANT_CONVERSION = YES;
				CLANG_WARN_DEPRECATED_OBJC_IMPLEMENTATIONS = YES;
				CLANG_WARN_DIRECT_OBJC_ISA_USAGE = YES_ERROR;
				CLANG_WARN_DOCUMENTATION_COMMENTS = YES;
				CLANG_WARN_EMPTY_BODY = YES;
				CLANG_WARN_ENUM_CONVERSION = YES;
				CLANG_WARN_INFINITE_RECURSION = YES;
				CLANG_WARN_INT_CONVERSION = YES;
				CLANG_WARN_NON_LITERAL_NULL_CONVERSION = YES;
				CLANG_WARN_OBJC_IMPLICIT_RETAIN_SELF = YES;
				CLANG_WARN_OBJC_LITERAL_CONVERSION = YES;
				CLANG_WARN_OBJC_ROOT_CLASS = YES_ERROR;
				CLANG_WARN_QUOTED_INCLUDE_IN_FRAMEWORK_HEADER = YES;
				CLANG_WARN_RANGE_LOOP_ANALYSIS = YES;
				CLANG_WARN_STRICT_PROTOTYPES = YES;
				CLANG_WARN_SUSPICIOUS_MOVE = YES;
				CLANG_WARN_UNGUARDED_AVAILABILITY = YES_AGGRESSIVE;
				CLANG_WARN_UNREACHABLE_CODE = YES;
				CLANG_WARN__DUPLICATE_METHOD_MATCH = YES;
				COPY_PHASE_STRIP = NO;
				DEBUG_INFORMATION_FORMAT = "dwarf-with-dsym";
				ENABLE_NS_ASSERTIONS = NO;
				ENABLE_STRICT_OBJC_MSGSEND = YES;
				ENABLE_USER_SCRIPT_SANDBOXING = YES;
				GCC_C_LANGUAGE_STANDARD = gnu17;
				GCC_NO_COMMON_BLOCKS = YES;
				GCC_WARN_64_TO_32_BIT_CONVERSION = YES;
				GCC_WARN_ABOUT_RETURN_TYPE = YES_ERROR;
				GCC_WARN_UNDECLARED_SELECTOR = YES;
				GCC_WARN_UNINITIALIZED_AUTOS = YES_AGGRESSIVE;
				GCC_WARN_UNUSED_FUNCTION = YES;
				GCC_WARN_UNUSED_VARIABLE = YES;
				IPHONEOS_DEPLOYMENT_TARGET = 17.5;
				LOCALIZATION_PREFERS_STRING_CATALOGS = YES;
				MTL_ENABLE_DEBUG_INFO = NO;
				MTL_FAST_MATH = YES;
				SDKROOT = iphoneos;
				SWIFT_COMPILATION_MODE = wholemodule;
				VALIDATE_PRODUCT = YES;
			};
			name = Release;
		};
		82A54C6D2C9B0833004BAA29 /* Debug */ = {
			isa = XCBuildConfiguration;
			buildSettings = {
				ASSETCATALOG_COMPILER_APPICON_NAME = AppIcon;
				ASSETCATALOG_COMPILER_GLOBAL_ACCENT_COLOR_NAME = AccentColor;
				CODE_SIGN_STYLE = Automatic;
				CURRENT_PROJECT_VERSION = 1;
				DEVELOPMENT_ASSET_PATHS = "\"Google repo clone/Preview Content\"";
				DEVELOPMENT_TEAM = JJ5X7AL66L;
				ENABLE_PREVIEWS = YES;
				GENERATE_INFOPLIST_FILE = YES;
				INFOPLIST_KEY_UIApplicationSceneManifest_Generation = YES;
				INFOPLIST_KEY_UIApplicationSupportsIndirectInputEvents = YES;
				INFOPLIST_KEY_UILaunchScreen_Generation = YES;
				INFOPLIST_KEY_UISupportedInterfaceOrientations_iPad = "UIInterfaceOrientationPortrait UIInterfaceOrientationPortraitUpsideDown UIInterfaceOrientationLandscapeLeft UIInterfaceOrientationLandscapeRight";
				INFOPLIST_KEY_UISupportedInterfaceOrientations_iPhone = "UIInterfaceOrientationPortrait UIInterfaceOrientationLandscapeLeft UIInterfaceOrientationLandscapeRight";
				LD_RUNPATH_SEARCH_PATHS = (
					"$(inherited)",
					"@executable_path/Frameworks",
				);
				MARKETING_VERSION = 1.0;
				PRODUCT_BUNDLE_IDENTIFIER = "com.google-repo-clone.dev.Google-repo-clone";
				PRODUCT_NAME = "$(TARGET_NAME)";
				SWIFT_EMIT_LOC_STRINGS = YES;
				SWIFT_VERSION = 5.0;
				TARGETED_DEVICE_FAMILY = "1,2";
			};
			name = Debug;
		};
		82A54C6E2C9B0833004BAA29 /* Release */ = {
			isa = XCBuildConfiguration;
			buildSettings = {
				ASSETCATALOG_COMPILER_APPICON_NAME = AppIcon;
				ASSETCATALOG_COMPILER_GLOBAL_ACCENT_COLOR_NAME = AccentColor;
				CODE_SIGN_STYLE = Automatic;
				CURRENT_PROJECT_VERSION = 1;
				DEVELOPMENT_ASSET_PATHS = "\"Google repo clone/Preview Content\"";
				DEVELOPMENT_TEAM = JJ5X7AL66L;
				ENABLE_PREVIEWS = YES;
				GENERATE_INFOPLIST_FILE = YES;
				INFOPLIST_KEY_UIApplicationSceneManifest_Generation = YES;
				INFOPLIST_KEY_UIApplicationSupportsIndirectInputEvents = YES;
				INFOPLIST_KEY_UILaunchScreen_Generation = YES;
				INFOPLIST_KEY_UISupportedInterfaceOrientations_iPad = "UIInterfaceOrientationPortrait UIInterfaceOrientationPortraitUpsideDown UIInterfaceOrientationLandscapeLeft UIInterfaceOrientationLandscapeRight";
				INFOPLIST_KEY_UISupportedInterfaceOrientations_iPhone = "UIInterfaceOrientationPortrait UIInterfaceOrientationLandscapeLeft UIInterfaceOrientationLandscapeRight";
				LD_RUNPATH_SEARCH_PATHS = (
					"$(inherited)",
					"@executable_path/Frameworks",
				);
				MARKETING_VERSION = 1.0;
				PRODUCT_BUNDLE_IDENTIFIER = "com.google-repo-clone.dev.Google-repo-clone";
				PRODUCT_NAME = "$(TARGET_NAME)";
				SWIFT_EMIT_LOC_STRINGS = YES;
				SWIFT_VERSION = 5.0;
				TARGETED_DEVICE_FAMILY = "1,2";
			};
			name = Release;
		};
		82A54C702C9B0833004BAA29 /* Debug */ = {
			isa = XCBuildConfiguration;
			buildSettings = {
				ALWAYS_EMBED_SWIFT_STANDARD_LIBRARIES = YES;
				BUNDLE_LOADER = "$(TEST_HOST)";
				CODE_SIGN_STYLE = Automatic;
				CURRENT_PROJECT_VERSION = 1;
				DEVELOPMENT_TEAM = JJ5X7AL66L;
				GENERATE_INFOPLIST_FILE = YES;
				IPHONEOS_DEPLOYMENT_TARGET = 17.5;
				MARKETING_VERSION = 1.0;
				PRODUCT_BUNDLE_IDENTIFIER = "com.google-repo-clone.dev.Google-repo-cloneTests";
				PRODUCT_NAME = "$(TARGET_NAME)";
				SWIFT_EMIT_LOC_STRINGS = NO;
				SWIFT_VERSION = 5.0;
				TARGETED_DEVICE_FAMILY = "1,2";
				TEST_HOST = "$(BUILT_PRODUCTS_DIR)/Google repo clone.app/$(BUNDLE_EXECUTABLE_FOLDER_PATH)/Google repo clone";
			};
			name = Debug;
		};
		82A54C712C9B0833004BAA29 /* Release */ = {
			isa = XCBuildConfiguration;
			buildSettings = {
				ALWAYS_EMBED_SWIFT_STANDARD_LIBRARIES = YES;
				BUNDLE_LOADER = "$(TEST_HOST)";
				CODE_SIGN_STYLE = Automatic;
				CURRENT_PROJECT_VERSION = 1;
				DEVELOPMENT_TEAM = JJ5X7AL66L;
				GENERATE_INFOPLIST_FILE = YES;
				IPHONEOS_DEPLOYMENT_TARGET = 17.5;
				MARKETING_VERSION = 1.0;
				PRODUCT_BUNDLE_IDENTIFIER = "com.google-repo-clone.dev.Google-repo-cloneTests";
				PRODUCT_NAME = "$(TARGET_NAME)";
				SWIFT_EMIT_LOC_STRINGS = NO;
				SWIFT_VERSION = 5.0;
				TARGETED_DEVICE_FAMILY = "1,2";
				TEST_HOST = "$(BUILT_PRODUCTS_DIR)/Google repo clone.app/$(BUNDLE_EXECUTABLE_FOLDER_PATH)/Google repo clone";
			};
			name = Release;
		};
		82A54C732C9B0833004BAA29 /* Debug */ = {
			isa = XCBuildConfiguration;
			buildSettings = {
				ALWAYS_EMBED_SWIFT_STANDARD_LIBRARIES = YES;
				CODE_SIGN_STYLE = Automatic;
				CURRENT_PROJECT_VERSION = 1;
				DEVELOPMENT_TEAM = JJ5X7AL66L;
				GENERATE_INFOPLIST_FILE = YES;
				MARKETING_VERSION = 1.0;
				PRODUCT_BUNDLE_IDENTIFIER = "com.google-repo-clone.dev.Google-repo-cloneUITests";
				PRODUCT_NAME = "$(TARGET_NAME)";
				SWIFT_EMIT_LOC_STRINGS = NO;
				SWIFT_VERSION = 5.0;
				TARGETED_DEVICE_FAMILY = "1,2";
				TEST_TARGET_NAME = "Google repo clone";
			};
			name = Debug;
		};
		82A54C742C9B0833004BAA29 /* Release */ = {
			isa = XCBuildConfiguration;
			buildSettings = {
				ALWAYS_EMBED_SWIFT_STANDARD_LIBRARIES = YES;
				CODE_SIGN_STYLE = Automatic;
				CURRENT_PROJECT_VERSION = 1;
				DEVELOPMENT_TEAM = JJ5X7AL66L;
				GENERATE_INFOPLIST_FILE = YES;
				MARKETING_VERSION = 1.0;
				PRODUCT_BUNDLE_IDENTIFIER = "com.google-repo-clone.dev.Google-repo-cloneUITests";
				PRODUCT_NAME = "$(TARGET_NAME)";
				SWIFT_EMIT_LOC_STRINGS = NO;
				SWIFT_VERSION = 5.0;
				TARGETED_DEVICE_FAMILY = "1,2";
				TEST_TARGET_NAME = "Google repo clone";
			};
			name = Release;
		};
/* End XCBuildConfiguration section */

/* Begin XCConfigurationList section */
		82A54C432C9B0832004BAA29 /* Build configuration list for PBXProject "Google repo clone" */ = {
			isa = XCConfigurationList;
			buildConfigurations = (
				82A54C6A2C9B0833004BAA29 /* Debug */,
				82A54C6B2C9B0833004BAA29 /* Release */,
			);
			defaultConfigurationIsVisible = 0;
			defaultConfigurationName = Release;
		};
		82A54C6C2C9B0833004BAA29 /* Build configuration list for PBXNativeTarget "Google repo clone" */ = {
			isa = XCConfigurationList;
			buildConfigurations = (
				82A54C6D2C9B0833004BAA29 /* Debug */,
				82A54C6E2C9B0833004BAA29 /* Release */,
			);
			defaultConfigurationIsVisible = 0;
			defaultConfigurationName = Release;
		};
		82A54C6F2C9B0833004BAA29 /* Build configuration list for PBXNativeTarget "Google repo cloneTests" */ = {
			isa = XCConfigurationList;
			buildConfigurations = (
				82A54C702C9B0833004BAA29 /* Debug */,
				82A54C712C9B0833004BAA29 /* Release */,
			);
			defaultConfigurationIsVisible = 0;
			defaultConfigurationName = Release;
		};
		82A54C722C9B0833004BAA29 /* Build configuration list for PBXNativeTarget "Google repo cloneUITests" */ = {
			isa = XCConfigurationList;
			buildConfigurations = (
				82A54C732C9B0833004BAA29 /* Debug */,
				82A54C742C9B0833004BAA29 /* Release */,
			);
			defaultConfigurationIsVisible = 0;
			defaultConfigurationName = Release;
		};
/* End XCConfigurationList section */
	};
	rootObject = 82A54C402C9B0832004BAA29 /* Project object */;
}
